
Microsoft Visual Studio Solution File, Format Version 12.00
# Visual Studio Version 16
VisualStudioVersion = 16.0.31605.320
MinimumVisualStudioVersion = 10.0.40219.1
Project("{9A19103F-16F7-4668-BE54-9A1E7A4F7556}") = "KampIntro", "KampIntro\KampIntro.csproj", "{774CCB26-2B7A-4FF3-AA09-9B45847CC82A}"
EndProject
Project("{9A19103F-16F7-4668-BE54-9A1E7A4F7556}") = "Donguler", "Donguler\Donguler.csproj", "{2D43C3A3-05FF-4A3F-9321-18E59FBC3F42}"
EndProject
Project("{9A19103F-16F7-4668-BE54-9A1E7A4F7556}") = "ClassIntro", "ClassIntro\ClassIntro.csproj", "{E1756074-47C3-4B5B-B634-9A417F09D468}"
EndProject
Project("{9A19103F-16F7-4668-BE54-9A1E7A4F7556}") = "Metotlar", "Metotlar\Metotlar.csproj", "{82AD71B8-05CB-4B76-B032-ACE12DE75548}"
EndProject
Project("{9A19103F-16F7-4668-BE54-9A1E7A4F7556}") = "Matematik", "Matematik\Matematik.csproj", "{D20206E0-95E0-4CF5-B573-A077A5A8BFC7}"
EndProject
Project("{9A19103F-16F7-4668-BE54-9A1E7A4F7556}") = "ConsoleAppGitt", "ConsoleAppGitt\ConsoleAppGitt.csproj", "{4050368D-9154-4299-87C7-4DECB173F5BE}"
EndProject
Project("{9A19103F-16F7-4668-BE54-9A1E7A4F7556}") = "OOP1", "OOP1\OOP1.csproj", "{F9DE701E-C714-4ED2-968F-F01EEA3961B9}"
EndProject
Project("{9A19103F-16F7-4668-BE54-9A1E7A4F7556}") = "Collections", "Collections\Collections.csproj", "{BD51A454-0555-4EAE-A573-999A76B07A01}"
EndProject
Project("{9A19103F-16F7-4668-BE54-9A1E7A4F7556}") = "GenericsIntro", "GenericsInfo\GenericsIntro.csproj", "{789790D8-CD04-4A05-B551-183D6DEC63A7}"
EndProject
Project("{9A19103F-16F7-4668-BE54-9A1E7A4F7556}") = "OOP2", "OOP2\OOP2.csproj", "{6992BECA-1693-4EE5-9887-050E70926F24}"
EndProject
Project("{9A19103F-16F7-4668-BE54-9A1E7A4F7556}") = "OOP3", "OOP3\OOP3.csproj", "{4688588A-B4F3-4178-A0D8-E0BC5F6E14D3}"
EndProject
Project("{9A19103F-16F7-4668-BE54-9A1E7A4F7556}") = "MyTestingProject", "MyTestingProject\MyTestingProject.csproj", "{430179D4-D247-477D-BDAC-185BFAFE4952}"
EndProject
Project("{9A19103F-16F7-4668-BE54-9A1E7A4F7556}") = "MyTestingProject_Product", "MyTestingProject_Product\MyTestingProject_Product.csproj", "{73AD25AE-E2DA-434E-ADEB-82A2F3DF5ED7}"
EndProject
Project("{9A19103F-16F7-4668-BE54-9A1E7A4F7556}") = "GameProject", "GameProject\GameProject.csproj", "{82DFB4BD-F46D-4C84-B6D0-24C58352935E}"
EndProject
Project("{9A19103F-16F7-4668-BE54-9A1E7A4F7556}") = "LinqProject", "LinqProject\LinqProject.csproj", "{3A689421-5109-4282-9F8F-7935169E26C1}"
EndProject
Project("{9A19103F-16F7-4668-BE54-9A1E7A4F7556}") = "ClassMetotDemo", "ClassMetotDemo\ClassMetotDemo.csproj", "{913C0FA2-447A-4666-97BD-61EABD683903}"
EndProject
Project("{9A19103F-16F7-4668-BE54-9A1E7A4F7556}") = "DictionaryProject", "DictionaryProject\DictionaryProject.csproj", "{43DD878F-DD84-4A4B-89A7-FB0A71F58E6D}"
EndProject
Project("{FAE04EC0-301F-11D3-BF4B-00C04F79EFBC}") = "RecapDemoDama", "RecapDemoDama\RecapDemoDama.csproj", "{75B7D976-A2B2-4210-AFCB-10C1FBAFF5DC}"
EndProject
Project("{9A19103F-16F7-4668-BE54-9A1E7A4F7556}") = "TestProjects_Interface", "TestProjects\TestProjects_Interface.csproj", "{4CE0D0AE-AB34-4419-A6BB-3FD9EFD82D76}"
EndProject
Project("{9A19103F-16F7-4668-BE54-9A1E7A4F7556}") = "TestProjects_Implementation", "TestProjects_Implementation\TestProjects_Implementation.csproj", "{4053E4E9-D4BA-4C6B-8F3F-79CB7F323DDB}"
EndProject
Project("{9A19103F-16F7-4668-BE54-9A1E7A4F7556}") = "TestProjects_Inheritance", "TestProjects_Inheritance\TestProjects_Inheritance.csproj", "{6D5353D3-28F6-4C50-9453-BEEA39987234}"
EndProject
Project("{FAE04EC0-301F-11D3-BF4B-00C04F79EFBC}") = "TestProjects_InterfaceReal", "TestProjects_Interface_Real\TestProjects_InterfaceReal.csproj", "{976E028F-1DB7-4F2B-AAEF-1B429FA74753}"
EndProject
Global
	GlobalSection(SolutionConfigurationPlatforms) = preSolution
		Debug|Any CPU = Debug|Any CPU
		Release|Any CPU = Release|Any CPU
	EndGlobalSection
	GlobalSection(ProjectConfigurationPlatforms) = postSolution
		{774CCB26-2B7A-4FF3-AA09-9B45847CC82A}.Debug|Any CPU.ActiveCfg = Debug|Any CPU
		{774CCB26-2B7A-4FF3-AA09-9B45847CC82A}.Debug|Any CPU.Build.0 = Debug|Any CPU
		{774CCB26-2B7A-4FF3-AA09-9B45847CC82A}.Release|Any CPU.ActiveCfg = Release|Any CPU
		{774CCB26-2B7A-4FF3-AA09-9B45847CC82A}.Release|Any CPU.Build.0 = Release|Any CPU
		{2D43C3A3-05FF-4A3F-9321-18E59FBC3F42}.Debug|Any CPU.ActiveCfg = Debug|Any CPU
		{2D43C3A3-05FF-4A3F-9321-18E59FBC3F42}.Debug|Any CPU.Build.0 = Debug|Any CPU
		{2D43C3A3-05FF-4A3F-9321-18E59FBC3F42}.Release|Any CPU.ActiveCfg = Release|Any CPU
		{2D43C3A3-05FF-4A3F-9321-18E59FBC3F42}.Release|Any CPU.Build.0 = Release|Any CPU
		{E1756074-47C3-4B5B-B634-9A417F09D468}.Debug|Any CPU.ActiveCfg = Debug|Any CPU
		{E1756074-47C3-4B5B-B634-9A417F09D468}.Debug|Any CPU.Build.0 = Debug|Any CPU
		{E1756074-47C3-4B5B-B634-9A417F09D468}.Release|Any CPU.ActiveCfg = Release|Any CPU
		{E1756074-47C3-4B5B-B634-9A417F09D468}.Release|Any CPU.Build.0 = Release|Any CPU
		{82AD71B8-05CB-4B76-B032-ACE12DE75548}.Debug|Any CPU.ActiveCfg = Debug|Any CPU
		{82AD71B8-05CB-4B76-B032-ACE12DE75548}.Debug|Any CPU.Build.0 = Debug|Any CPU
		{82AD71B8-05CB-4B76-B032-ACE12DE75548}.Release|Any CPU.ActiveCfg = Release|Any CPU
		{82AD71B8-05CB-4B76-B032-ACE12DE75548}.Release|Any CPU.Build.0 = Release|Any CPU
		{D20206E0-95E0-4CF5-B573-A077A5A8BFC7}.Debug|Any CPU.ActiveCfg = Debug|Any CPU
		{D20206E0-95E0-4CF5-B573-A077A5A8BFC7}.Debug|Any CPU.Build.0 = Debug|Any CPU
		{D20206E0-95E0-4CF5-B573-A077A5A8BFC7}.Release|Any CPU.ActiveCfg = Release|Any CPU
		{D20206E0-95E0-4CF5-B573-A077A5A8BFC7}.Release|Any CPU.Build.0 = Release|Any CPU
		{4050368D-9154-4299-87C7-4DECB173F5BE}.Debug|Any CPU.ActiveCfg = Debug|Any CPU
		{4050368D-9154-4299-87C7-4DECB173F5BE}.Debug|Any CPU.Build.0 = Debug|Any CPU
		{4050368D-9154-4299-87C7-4DECB173F5BE}.Release|Any CPU.ActiveCfg = Release|Any CPU
		{4050368D-9154-4299-87C7-4DECB173F5BE}.Release|Any CPU.Build.0 = Release|Any CPU
		{F9DE701E-C714-4ED2-968F-F01EEA3961B9}.Debug|Any CPU.ActiveCfg = Debug|Any CPU
		{F9DE701E-C714-4ED2-968F-F01EEA3961B9}.Debug|Any CPU.Build.0 = Debug|Any CPU
		{F9DE701E-C714-4ED2-968F-F01EEA3961B9}.Release|Any CPU.ActiveCfg = Release|Any CPU
		{F9DE701E-C714-4ED2-968F-F01EEA3961B9}.Release|Any CPU.Build.0 = Release|Any CPU
		{BD51A454-0555-4EAE-A573-999A76B07A01}.Debug|Any CPU.ActiveCfg = Debug|Any CPU
		{BD51A454-0555-4EAE-A573-999A76B07A01}.Debug|Any CPU.Build.0 = Debug|Any CPU
		{BD51A454-0555-4EAE-A573-999A76B07A01}.Release|Any CPU.ActiveCfg = Release|Any CPU
		{BD51A454-0555-4EAE-A573-999A76B07A01}.Release|Any CPU.Build.0 = Release|Any CPU
		{789790D8-CD04-4A05-B551-183D6DEC63A7}.Debug|Any CPU.ActiveCfg = Debug|Any CPU
		{789790D8-CD04-4A05-B551-183D6DEC63A7}.Debug|Any CPU.Build.0 = Debug|Any CPU
		{789790D8-CD04-4A05-B551-183D6DEC63A7}.Release|Any CPU.ActiveCfg = Release|Any CPU
		{789790D8-CD04-4A05-B551-183D6DEC63A7}.Release|Any CPU.Build.0 = Release|Any CPU
		{6992BECA-1693-4EE5-9887-050E70926F24}.Debug|Any CPU.ActiveCfg = Debug|Any CPU
		{6992BECA-1693-4EE5-9887-050E70926F24}.Debug|Any CPU.Build.0 = Debug|Any CPU
		{6992BECA-1693-4EE5-9887-050E70926F24}.Release|Any CPU.ActiveCfg = Release|Any CPU
		{6992BECA-1693-4EE5-9887-050E70926F24}.Release|Any CPU.Build.0 = Release|Any CPU
		{4688588A-B4F3-4178-A0D8-E0BC5F6E14D3}.Debug|Any CPU.ActiveCfg = Debug|Any CPU
		{4688588A-B4F3-4178-A0D8-E0BC5F6E14D3}.Debug|Any CPU.Build.0 = Debug|Any CPU
		{4688588A-B4F3-4178-A0D8-E0BC5F6E14D3}.Release|Any CPU.ActiveCfg = Release|Any CPU
		{4688588A-B4F3-4178-A0D8-E0BC5F6E14D3}.Release|Any CPU.Build.0 = Release|Any CPU
		{430179D4-D247-477D-BDAC-185BFAFE4952}.Debug|Any CPU.ActiveCfg = Debug|Any CPU
		{430179D4-D247-477D-BDAC-185BFAFE4952}.Debug|Any CPU.Build.0 = Debug|Any CPU
		{430179D4-D247-477D-BDAC-185BFAFE4952}.Release|Any CPU.ActiveCfg = Release|Any CPU
		{430179D4-D247-477D-BDAC-185BFAFE4952}.Release|Any CPU.Build.0 = Release|Any CPU
		{73AD25AE-E2DA-434E-ADEB-82A2F3DF5ED7}.Debug|Any CPU.ActiveCfg = Debug|Any CPU
		{73AD25AE-E2DA-434E-ADEB-82A2F3DF5ED7}.Debug|Any CPU.Build.0 = Debug|Any CPU
		{73AD25AE-E2DA-434E-ADEB-82A2F3DF5ED7}.Release|Any CPU.ActiveCfg = Release|Any CPU
		{73AD25AE-E2DA-434E-ADEB-82A2F3DF5ED7}.Release|Any CPU.Build.0 = Release|Any CPU
		{82DFB4BD-F46D-4C84-B6D0-24C58352935E}.Debug|Any CPU.ActiveCfg = Debug|Any CPU
		{82DFB4BD-F46D-4C84-B6D0-24C58352935E}.Debug|Any CPU.Build.0 = Debug|Any CPU
		{82DFB4BD-F46D-4C84-B6D0-24C58352935E}.Release|Any CPU.ActiveCfg = Release|Any CPU
		{82DFB4BD-F46D-4C84-B6D0-24C58352935E}.Release|Any CPU.Build.0 = Release|Any CPU
		{3A689421-5109-4282-9F8F-7935169E26C1}.Debug|Any CPU.ActiveCfg = Debug|Any CPU
		{3A689421-5109-4282-9F8F-7935169E26C1}.Debug|Any CPU.Build.0 = Debug|Any CPU
		{3A689421-5109-4282-9F8F-7935169E26C1}.Release|Any CPU.ActiveCfg = Release|Any CPU
		{3A689421-5109-4282-9F8F-7935169E26C1}.Release|Any CPU.Build.0 = Release|Any CPU
		{913C0FA2-447A-4666-97BD-61EABD683903}.Debug|Any CPU.ActiveCfg = Debug|Any CPU
		{913C0FA2-447A-4666-97BD-61EABD683903}.Debug|Any CPU.Build.0 = Debug|Any CPU
		{913C0FA2-447A-4666-97BD-61EABD683903}.Release|Any CPU.ActiveCfg = Release|Any CPU
		{913C0FA2-447A-4666-97BD-61EABD683903}.Release|Any CPU.Build.0 = Release|Any CPU
		{43DD878F-DD84-4A4B-89A7-FB0A71F58E6D}.Debug|Any CPU.ActiveCfg = Debug|Any CPU
		{43DD878F-DD84-4A4B-89A7-FB0A71F58E6D}.Debug|Any CPU.Build.0 = Debug|Any CPU
		{43DD878F-DD84-4A4B-89A7-FB0A71F58E6D}.Release|Any CPU.ActiveCfg = Release|Any CPU
		{43DD878F-DD84-4A4B-89A7-FB0A71F58E6D}.Release|Any CPU.Build.0 = Release|Any CPU
		{75B7D976-A2B2-4210-AFCB-10C1FBAFF5DC}.Debug|Any CPU.ActiveCfg = Debug|Any CPU
		{75B7D976-A2B2-4210-AFCB-10C1FBAFF5DC}.Debug|Any CPU.Build.0 = Debug|Any CPU
		{75B7D976-A2B2-4210-AFCB-10C1FBAFF5DC}.Release|Any CPU.ActiveCfg = Release|Any CPU
		{75B7D976-A2B2-4210-AFCB-10C1FBAFF5DC}.Release|Any CPU.Build.0 = Release|Any CPU
		{4CE0D0AE-AB34-4419-A6BB-3FD9EFD82D76}.Debug|Any CPU.ActiveCfg = Debug|Any CPU
		{4CE0D0AE-AB34-4419-A6BB-3FD9EFD82D76}.Debug|Any CPU.Build.0 = Debug|Any CPU
		{4CE0D0AE-AB34-4419-A6BB-3FD9EFD82D76}.Release|Any CPU.ActiveCfg = Release|Any CPU
		{4CE0D0AE-AB34-4419-A6BB-3FD9EFD82D76}.Release|Any CPU.Build.0 = Release|Any CPU
		{4053E4E9-D4BA-4C6B-8F3F-79CB7F323DDB}.Debug|Any CPU.ActiveCfg = Debug|Any CPU
		{4053E4E9-D4BA-4C6B-8F3F-79CB7F323DDB}.Debug|Any CPU.Build.0 = Debug|Any CPU
		{4053E4E9-D4BA-4C6B-8F3F-79CB7F323DDB}.Release|Any CPU.ActiveCfg = Release|Any CPU
		{4053E4E9-D4BA-4C6B-8F3F-79CB7F323DDB}.Release|Any CPU.Build.0 = Release|Any CPU
		{6D5353D3-28F6-4C50-9453-BEEA39987234}.Debug|Any CPU.ActiveCfg = Debug|Any CPU
		{6D5353D3-28F6-4C50-9453-BEEA39987234}.Debug|Any CPU.Build.0 = Debug|Any CPU
		{6D5353D3-28F6-4C50-9453-BEEA39987234}.Release|Any CPU.ActiveCfg = Release|Any CPU
		{6D5353D3-28F6-4C50-9453-BEEA39987234}.Release|Any CPU.Build.0 = Release|Any CPU
		{976E028F-1DB7-4F2B-AAEF-1B429FA74753}.Debug|Any CPU.ActiveCfg = Debug|Any CPU
		{976E028F-1DB7-4F2B-AAEF-1B429FA74753}.Debug|Any CPU.Build.0 = Debug|Any CPU
		{976E028F-1DB7-4F2B-AAEF-1B429FA74753}.Release|Any CPU.ActiveCfg = Release|Any CPU
		{976E028F-1DB7-4F2B-AAEF-1B429FA74753}.Release|Any CPU.Build.0 = Release|Any CPU
	EndGlobalSection
	GlobalSection(SolutionProperties) = preSolution
		HideSolutionNode = FALSE
	EndGlobalSection
	GlobalSection(ExtensibilityGlobals) = postSolution
		SolutionGuid = {96DB77D6-D367-4DB0-B9E2-AE729CD2C759}
	EndGlobalSection
EndGlobal
